
Microsoft Visual Studio Solution File, Format Version 12.00
# Visual Studio 15
VisualStudioVersion = 15.0.28307.1321
MinimumVisualStudioVersion = 10.0.40219.1
Project("{FAE04EC0-301F-11D3-BF4B-00C04F79EFBC}") = "RT-CardGame", "RT-CardGame\RT-CardGame.csproj", "{2D7E5540-F2D2-4261-845D-6F75C15D0470}"
EndProject
Global
	GlobalSection(SolutionConfigurationPlatforms) = preSolution
		Debug|Any CPU = Debug|Any CPU
		Release|Any CPU = Release|Any CPU
	EndGlobalSection
	GlobalSection(ProjectConfigurationPlatforms) = postSolution
		{2D7E5540-F2D2-4261-845D-6F75C15D0470}.Debug|Any CPU.ActiveCfg = Debug|Any CPU
		{2D7E5540-F2D2-4261-845D-6F75C15D0470}.Debug|Any CPU.Build.0 = Debug|Any CPU
		{2D7E5540-F2D2-4261-845D-6F75C15D0470}.Release|Any CPU.ActiveCfg = Release|Any CPU
		{2D7E5540-F2D2-4261-845D-6F75C15D0470}.Release|Any CPU.Build.0 = Release|Any CPU
	EndGlobalSection
	GlobalSection(SolutionProperties) = preSolution
		HideSolutionNode = FALSE
	EndGlobalSection
	GlobalSection(ExtensibilityGlobals) = postSolution
		SolutionGuid = {97B6EF9C-4DE8-4807-B2B2-C9D21B4249E4}
	EndGlobalSection
EndGlobal
